
Microsoft Visual Studio Solution File, Format Version 12.00
# Visual Studio Version 16
VisualStudioVersion = 16.0.31321.278
MinimumVisualStudioVersion = 10.0.40219.1
Project("{FAE04EC0-301F-11D3-BF4B-00C04F79EFBC}") = "крестики_нолики", "крестики_нолики.csproj", "{44C137A2-CF96-47C3-B893-1F97E0B7A696}"
EndProject
Global
	GlobalSection(SolutionConfigurationPlatforms) = preSolution
		Debug|Any CPU = Debug|Any CPU
		Release|Any CPU = Release|Any CPU
	EndGlobalSection
	GlobalSection(ProjectConfigurationPlatforms) = postSolution
		{44C137A2-CF96-47C3-B893-1F97E0B7A696}.Debug|Any CPU.ActiveCfg = Debug|Any CPU
		{44C137A2-CF96-47C3-B893-1F97E0B7A696}.Debug|Any CPU.Build.0 = Debug|Any CPU
		{44C137A2-CF96-47C3-B893-1F97E0B7A696}.Release|Any CPU.ActiveCfg = Release|Any CPU
		{44C137A2-CF96-47C3-B893-1F97E0B7A696}.Release|Any CPU.Build.0 = Release|Any CPU
	EndGlobalSection
	GlobalSection(SolutionProperties) = preSolution
		HideSolutionNode = FALSE
	EndGlobalSection
	GlobalSection(ExtensibilityGlobals) = postSolution
		SolutionGuid = {ACCA1246-E27D-4D61-B6F3-0442DEFBE010}
	EndGlobalSection
EndGlobal
