
Microsoft Visual Studio Solution File, Format Version 12.00
# Visual Studio Version 16
VisualStudioVersion = 16.0.31321.278
MinimumVisualStudioVersion = 10.0.40219.1
Project("{FAE04EC0-301F-11D3-BF4B-00C04F79EFBC}") = "Пицц@", "Пицц@.csproj", "{AE506381-6884-4B57-A05F-694F52E3BF6F}"
EndProject
Global
	GlobalSection(SolutionConfigurationPlatforms) = preSolution
		Debug|Any CPU = Debug|Any CPU
		Release|Any CPU = Release|Any CPU
	EndGlobalSection
	GlobalSection(ProjectConfigurationPlatforms) = postSolution
		{AE506381-6884-4B57-A05F-694F52E3BF6F}.Debug|Any CPU.ActiveCfg = Debug|Any CPU
		{AE506381-6884-4B57-A05F-694F52E3BF6F}.Debug|Any CPU.Build.0 = Debug|Any CPU
		{AE506381-6884-4B57-A05F-694F52E3BF6F}.Release|Any CPU.ActiveCfg = Release|Any CPU
		{AE506381-6884-4B57-A05F-694F52E3BF6F}.Release|Any CPU.Build.0 = Release|Any CPU
	EndGlobalSection
	GlobalSection(SolutionProperties) = preSolution
		HideSolutionNode = FALSE
	EndGlobalSection
	GlobalSection(ExtensibilityGlobals) = postSolution
		SolutionGuid = {BDE85B39-B620-48F5-A172-569A9EC29FF4}
	EndGlobalSection
EndGlobal
