
Microsoft Visual Studio Solution File, Format Version 12.00
# Visual Studio Version 16
VisualStudioVersion = 16.0.31321.278
MinimumVisualStudioVersion = 10.0.40219.1
Project("{FAE04EC0-301F-11D3-BF4B-00C04F79EFBC}") = "Ресторан", "Ресторан.csproj", "{86205FEC-E9B3-4937-AD0F-946628497649}"
EndProject
Global
	GlobalSection(SolutionConfigurationPlatforms) = preSolution
		Debug|Any CPU = Debug|Any CPU
		Release|Any CPU = Release|Any CPU
	EndGlobalSection
	GlobalSection(ProjectConfigurationPlatforms) = postSolution
		{86205FEC-E9B3-4937-AD0F-946628497649}.Debug|Any CPU.ActiveCfg = Debug|Any CPU
		{86205FEC-E9B3-4937-AD0F-946628497649}.Debug|Any CPU.Build.0 = Debug|Any CPU
		{86205FEC-E9B3-4937-AD0F-946628497649}.Release|Any CPU.ActiveCfg = Release|Any CPU
		{86205FEC-E9B3-4937-AD0F-946628497649}.Release|Any CPU.Build.0 = Release|Any CPU
	EndGlobalSection
	GlobalSection(SolutionProperties) = preSolution
		HideSolutionNode = FALSE
	EndGlobalSection
	GlobalSection(ExtensibilityGlobals) = postSolution
		SolutionGuid = {55959720-22C8-421C-97C4-D401E6B991B9}
	EndGlobalSection
EndGlobal
